
Microsoft Visual Studio Solution File, Format Version 12.00
# Visual Studio Version 16
VisualStudioVersion = 16.0.29519.87
MinimumVisualStudioVersion = 10.0.40219.1
Project("{FAE04EC0-301F-11D3-BF4B-00C04F79EFBC}") = "SortirovkaPuzyrkom", "SortirovkaPuzyrkom\SortirovkaPuzyrkom.csproj", "{C9AAAA80-5AEF-4877-9059-28273E5D4076}"
EndProject
Global
	GlobalSection(SolutionConfigurationPlatforms) = preSolution
		Debug|Any CPU = Debug|Any CPU
		Release|Any CPU = Release|Any CPU
	EndGlobalSection
	GlobalSection(ProjectConfigurationPlatforms) = postSolution
		{C9AAAA80-5AEF-4877-9059-28273E5D4076}.Debug|Any CPU.ActiveCfg = Debug|Any CPU
		{C9AAAA80-5AEF-4877-9059-28273E5D4076}.Debug|Any CPU.Build.0 = Debug|Any CPU
		{C9AAAA80-5AEF-4877-9059-28273E5D4076}.Release|Any CPU.ActiveCfg = Release|Any CPU
		{C9AAAA80-5AEF-4877-9059-28273E5D4076}.Release|Any CPU.Build.0 = Release|Any CPU
	EndGlobalSection
	GlobalSection(SolutionProperties) = preSolution
		HideSolutionNode = FALSE
	EndGlobalSection
	GlobalSection(ExtensibilityGlobals) = postSolution
		SolutionGuid = {4B52A44E-C96E-4A13-926A-A8E85E94C5E2}
	EndGlobalSection
EndGlobal
